
Microsoft Visual Studio Solution File, Format Version 12.00
# Visual Studio Version 17
VisualStudioVersion = 17.0.31903.59
MinimumVisualStudioVersion = 10.0.40219.1
Project("{FAE04EC0-301F-11D3-BF4B-00C04F79EFBC}") = "CurlyCode.Lexer", "CurlyCode.Lexer\CurlyCode.Lexer.csproj", "{203E5A06-5F2F-487C-9DFD-27C0608963EB}"
EndProject
Project("{FAE04EC0-301F-11D3-BF4B-00C04F79EFBC}") = "CurlyCode.Parser", "CurlyCode.Parser\CurlyCode.Parser.csproj", "{259AB75A-87FD-448A-8147-BDC1E5D71668}"
EndProject
Global
	GlobalSection(SolutionConfigurationPlatforms) = preSolution
		Debug|Any CPU = Debug|Any CPU
		Release|Any CPU = Release|Any CPU
	EndGlobalSection
	GlobalSection(SolutionProperties) = preSolution
		HideSolutionNode = FALSE
	EndGlobalSection
	GlobalSection(ProjectConfigurationPlatforms) = postSolution
		{203E5A06-5F2F-487C-9DFD-27C0608963EB}.Debug|Any CPU.ActiveCfg = Debug|Any CPU
		{203E5A06-5F2F-487C-9DFD-27C0608963EB}.Debug|Any CPU.Build.0 = Debug|Any CPU
		{203E5A06-5F2F-487C-9DFD-27C0608963EB}.Release|Any CPU.ActiveCfg = Release|Any CPU
		{203E5A06-5F2F-487C-9DFD-27C0608963EB}.Release|Any CPU.Build.0 = Release|Any CPU
		{259AB75A-87FD-448A-8147-BDC1E5D71668}.Debug|Any CPU.ActiveCfg = Debug|Any CPU
		{259AB75A-87FD-448A-8147-BDC1E5D71668}.Debug|Any CPU.Build.0 = Debug|Any CPU
		{259AB75A-87FD-448A-8147-BDC1E5D71668}.Release|Any CPU.ActiveCfg = Release|Any CPU
		{259AB75A-87FD-448A-8147-BDC1E5D71668}.Release|Any CPU.Build.0 = Release|Any CPU
	EndGlobalSection
EndGlobal
